cases:
  - note: "cumulative budget needs hundreds of calls in-window; single-step harness cannot express it. Real coverage: w2-seq lane tests for the rate evaluator's cumulative window."
    skip: true
    reason: "stateful multi-step rule; single-step harness cannot arm it — real coverage in the owning lane vitest suite"
    tool: Bash
    args:
      command: echo call-501
