cases:
  - note: "identical failing command 3 times in the window — escalates to redirect on the 4th attempt (mode: observe — action stays allow, observed_action carries the escalation)"
    observed_action: redirect
    steps:
      - tool: Bash
        args: { command: "npm test" }
        exit_code: 1
      - tool: Bash
        args: { command: "npm test" }
        exit_code: 1
      - tool: Bash
        args: { command: "npm test" }
        exit_code: 1
      - tool: Bash
        args: { command: "npm test" }
        exit_code: 1
  - note: "identical failing command 5 times — escalates to deny on the 6th attempt"
    observed_action: deny
    steps:
      - tool: Bash
        args: { command: "npm test" }
        exit_code: 1
      - tool: Bash
        args: { command: "npm test" }
        exit_code: 1
      - tool: Bash
        args: { command: "npm test" }
        exit_code: 1
      - tool: Bash
        args: { command: "npm test" }
        exit_code: 1
      - tool: Bash
        args: { command: "npm test" }
        exit_code: 1
      - tool: Bash
        args: { command: "npm test" }
        exit_code: 1
